
Microsoft Visual Studio Solution File, Format Version 12.00
# Visual Studio Version 17
VisualStudioVersion = 17.7.34221.43
MinimumVisualStudioVersion = 10.0.40219.1
Project("{2150E333-8FDC-42A3-9474-1A3956D46DE8}") = "Services", "Services", "{4AE5872A-CFAA-4EB7-B903-19863199E32D}"
EndProject
Project("{2150E333-8FDC-42A3-9474-1A3956D46DE8}") = "Category", "Category", "{C262C27C-778D-49E0-974E-39F0AD799925}"
EndProject
Project("{9A19103F-16F7-4668-BE54-9A1E7A4F7556}") = "Project.Services.Category", "Services\Category\Project.Services.Category\Project.Services.Category.csproj", "{D0702365-9415-4A3F-9054-D0568E7F1868}"
EndProject
Project("{2150E333-8FDC-42A3-9474-1A3956D46DE8}") = "Shared", "Shared", "{C569D4E1-1DB4-4E90-8CA8-6CCF2C00D2C6}"
EndProject
Project("{9A19103F-16F7-4668-BE54-9A1E7A4F7556}") = "Project.Shared", "Shared\Project.Shared\Project.Shared.csproj", "{10B31946-F327-4F76-A9F0-B1A46F34F99B}"
EndProject
Project("{2150E333-8FDC-42A3-9474-1A3956D46DE8}") = "Solution Items", "Solution Items", "{676FB69A-7B39-4414-9E1A-C5F360E5E7C0}"
	ProjectSection(SolutionItems) = preProject
		Ek bilgiler.txt = Ek bilgiler.txt
		Ports.txt = Ports.txt
	EndProjectSection
EndProject
Project("{2150E333-8FDC-42A3-9474-1A3956D46DE8}") = "IdentityServer", "IdentityServer", "{7EB52750-EE01-4264-AE2A-4675C5B78B40}"
EndProject
Project("{9A19103F-16F7-4668-BE54-9A1E7A4F7556}") = "Project.IdentityServer", "IdentityServer\Project.IdentityServer\Project.IdentityServer.csproj", "{8DAD60CC-39CE-49D0-85B5-8CFF1FD0951B}"
EndProject
Project("{2150E333-8FDC-42A3-9474-1A3956D46DE8}") = "Discount", "Discount", "{70D0BB5F-09C9-4C95-8A7C-FA75A7FBDD85}"
EndProject
Project("{9A19103F-16F7-4668-BE54-9A1E7A4F7556}") = "Project.Services.Discount", "Services\Discount\Project.Services.Discount\Project.Services.Discount.csproj", "{C733D83F-40BC-4DF8-BD14-B93B98D3AD58}"
EndProject
Project("{2150E333-8FDC-42A3-9474-1A3956D46DE8}") = "Cart", "Cart", "{3CC9A478-3F36-41CE-9A4C-C8CF659777BF}"
EndProject
Project("{9A19103F-16F7-4668-BE54-9A1E7A4F7556}") = "Project.Services.Cart", "Services\Cart\Project.Services.Cart\Project.Services.Cart.csproj", "{828B4EE8-E199-431B-ABBF-5B36309C6655}"
EndProject
Project("{2150E333-8FDC-42A3-9474-1A3956D46DE8}") = "Order", "Order", "{FAD81752-C617-41C1-A01D-70EED4D906D2}"
EndProject
Project("{FAE04EC0-301F-11D3-BF4B-00C04F79EFBC}") = "Project.Services.Order.API", "Services\Order\Project.Services.Order.API\Project.Services.Order.API.csproj", "{925153FD-A149-4521-A81C-493A29C462F9}"
EndProject
Project("{FAE04EC0-301F-11D3-BF4B-00C04F79EFBC}") = "Project.Services.Order.BLL", "Services\Order\Project.Services.Order.BLL\Project.Services.Order.BLL.csproj", "{BA1B93DA-52B8-45F5-9D38-5C047691E77F}"
EndProject
Project("{FAE04EC0-301F-11D3-BF4B-00C04F79EFBC}") = "Project.Services.Order.Domain", "Services\Order\Project.Services.Order.Domain\Project.Services.Order.Domain.csproj", "{5F9F533C-F2D6-4ABB-9D38-B3682833E029}"
EndProject
Project("{FAE04EC0-301F-11D3-BF4B-00C04F79EFBC}") = "Project.Services.Order.Domain.CORE", "Services\Order\Project.Services.Order.Domain.CORE\Project.Services.Order.Domain.CORE.csproj", "{BC04809C-19E3-4693-B158-4F6B35868816}"
EndProject
Project("{FAE04EC0-301F-11D3-BF4B-00C04F79EFBC}") = "Project.Services.Order.Infrastructure", "Services\Order\Project.Services.Order.Infrastructure\Project.Services.Order.Infrastructure.csproj", "{C626B079-F9A2-4A5F-A219-C3C92D83D8FD}"
EndProject
Global
	GlobalSection(SolutionConfigurationPlatforms) = preSolution
		Debug|Any CPU = Debug|Any CPU
		Release|Any CPU = Release|Any CPU
	EndGlobalSection
	GlobalSection(ProjectConfigurationPlatforms) = postSolution
		{D0702365-9415-4A3F-9054-D0568E7F1868}.Debug|Any CPU.ActiveCfg = Debug|Any CPU
		{D0702365-9415-4A3F-9054-D0568E7F1868}.Debug|Any CPU.Build.0 = Debug|Any CPU
		{D0702365-9415-4A3F-9054-D0568E7F1868}.Release|Any CPU.ActiveCfg = Release|Any CPU
		{D0702365-9415-4A3F-9054-D0568E7F1868}.Release|Any CPU.Build.0 = Release|Any CPU
		{10B31946-F327-4F76-A9F0-B1A46F34F99B}.Debug|Any CPU.ActiveCfg = Debug|Any CPU
		{10B31946-F327-4F76-A9F0-B1A46F34F99B}.Debug|Any CPU.Build.0 = Debug|Any CPU
		{10B31946-F327-4F76-A9F0-B1A46F34F99B}.Release|Any CPU.ActiveCfg = Release|Any CPU
		{10B31946-F327-4F76-A9F0-B1A46F34F99B}.Release|Any CPU.Build.0 = Release|Any CPU
		{8DAD60CC-39CE-49D0-85B5-8CFF1FD0951B}.Debug|Any CPU.ActiveCfg = Debug|Any CPU
		{8DAD60CC-39CE-49D0-85B5-8CFF1FD0951B}.Debug|Any CPU.Build.0 = Debug|Any CPU
		{8DAD60CC-39CE-49D0-85B5-8CFF1FD0951B}.Release|Any CPU.ActiveCfg = Release|Any CPU
		{8DAD60CC-39CE-49D0-85B5-8CFF1FD0951B}.Release|Any CPU.Build.0 = Release|Any CPU
		{C733D83F-40BC-4DF8-BD14-B93B98D3AD58}.Debug|Any CPU.ActiveCfg = Debug|Any CPU
		{C733D83F-40BC-4DF8-BD14-B93B98D3AD58}.Debug|Any CPU.Build.0 = Debug|Any CPU
		{C733D83F-40BC-4DF8-BD14-B93B98D3AD58}.Release|Any CPU.ActiveCfg = Release|Any CPU
		{C733D83F-40BC-4DF8-BD14-B93B98D3AD58}.Release|Any CPU.Build.0 = Release|Any CPU
		{828B4EE8-E199-431B-ABBF-5B36309C6655}.Debug|Any CPU.ActiveCfg = Debug|Any CPU
		{828B4EE8-E199-431B-ABBF-5B36309C6655}.Debug|Any CPU.Build.0 = Debug|Any CPU
		{828B4EE8-E199-431B-ABBF-5B36309C6655}.Release|Any CPU.ActiveCfg = Release|Any CPU
		{828B4EE8-E199-431B-ABBF-5B36309C6655}.Release|Any CPU.Build.0 = Release|Any CPU
		{925153FD-A149-4521-A81C-493A29C462F9}.Debug|Any CPU.ActiveCfg = Debug|Any CPU
		{925153FD-A149-4521-A81C-493A29C462F9}.Debug|Any CPU.Build.0 = Debug|Any CPU
		{925153FD-A149-4521-A81C-493A29C462F9}.Release|Any CPU.ActiveCfg = Release|Any CPU
		{925153FD-A149-4521-A81C-493A29C462F9}.Release|Any CPU.Build.0 = Release|Any CPU
		{BA1B93DA-52B8-45F5-9D38-5C047691E77F}.Debug|Any CPU.ActiveCfg = Debug|Any CPU
		{BA1B93DA-52B8-45F5-9D38-5C047691E77F}.Debug|Any CPU.Build.0 = Debug|Any CPU
		{BA1B93DA-52B8-45F5-9D38-5C047691E77F}.Release|Any CPU.ActiveCfg = Release|Any CPU
		{BA1B93DA-52B8-45F5-9D38-5C047691E77F}.Release|Any CPU.Build.0 = Release|Any CPU
		{5F9F533C-F2D6-4ABB-9D38-B3682833E029}.Debug|Any CPU.ActiveCfg = Debug|Any CPU
		{5F9F533C-F2D6-4ABB-9D38-B3682833E029}.Debug|Any CPU.Build.0 = Debug|Any CPU
		{5F9F533C-F2D6-4ABB-9D38-B3682833E029}.Release|Any CPU.ActiveCfg = Release|Any CPU
		{5F9F533C-F2D6-4ABB-9D38-B3682833E029}.Release|Any CPU.Build.0 = Release|Any CPU
		{BC04809C-19E3-4693-B158-4F6B35868816}.Debug|Any CPU.ActiveCfg = Debug|Any CPU
		{BC04809C-19E3-4693-B158-4F6B35868816}.Debug|Any CPU.Build.0 = Debug|Any CPU
		{BC04809C-19E3-4693-B158-4F6B35868816}.Release|Any CPU.ActiveCfg = Release|Any CPU
		{BC04809C-19E3-4693-B158-4F6B35868816}.Release|Any CPU.Build.0 = Release|Any CPU
		{C626B079-F9A2-4A5F-A219-C3C92D83D8FD}.Debug|Any CPU.ActiveCfg = Debug|Any CPU
		{C626B079-F9A2-4A5F-A219-C3C92D83D8FD}.Debug|Any CPU.Build.0 = Debug|Any CPU
		{C626B079-F9A2-4A5F-A219-C3C92D83D8FD}.Release|Any CPU.ActiveCfg = Release|Any CPU
		{C626B079-F9A2-4A5F-A219-C3C92D83D8FD}.Release|Any CPU.Build.0 = Release|Any CPU
	EndGlobalSection
	GlobalSection(SolutionProperties) = preSolution
		HideSolutionNode = FALSE
	EndGlobalSection
	GlobalSection(NestedProjects) = preSolution
		{C262C27C-778D-49E0-974E-39F0AD799925} = {4AE5872A-CFAA-4EB7-B903-19863199E32D}
		{D0702365-9415-4A3F-9054-D0568E7F1868} = {C262C27C-778D-49E0-974E-39F0AD799925}
		{10B31946-F327-4F76-A9F0-B1A46F34F99B} = {C569D4E1-1DB4-4E90-8CA8-6CCF2C00D2C6}
		{8DAD60CC-39CE-49D0-85B5-8CFF1FD0951B} = {7EB52750-EE01-4264-AE2A-4675C5B78B40}
		{70D0BB5F-09C9-4C95-8A7C-FA75A7FBDD85} = {4AE5872A-CFAA-4EB7-B903-19863199E32D}
		{C733D83F-40BC-4DF8-BD14-B93B98D3AD58} = {70D0BB5F-09C9-4C95-8A7C-FA75A7FBDD85}
		{3CC9A478-3F36-41CE-9A4C-C8CF659777BF} = {4AE5872A-CFAA-4EB7-B903-19863199E32D}
		{828B4EE8-E199-431B-ABBF-5B36309C6655} = {3CC9A478-3F36-41CE-9A4C-C8CF659777BF}
		{FAD81752-C617-41C1-A01D-70EED4D906D2} = {4AE5872A-CFAA-4EB7-B903-19863199E32D}
		{925153FD-A149-4521-A81C-493A29C462F9} = {FAD81752-C617-41C1-A01D-70EED4D906D2}
		{BA1B93DA-52B8-45F5-9D38-5C047691E77F} = {FAD81752-C617-41C1-A01D-70EED4D906D2}
		{5F9F533C-F2D6-4ABB-9D38-B3682833E029} = {FAD81752-C617-41C1-A01D-70EED4D906D2}
		{BC04809C-19E3-4693-B158-4F6B35868816} = {FAD81752-C617-41C1-A01D-70EED4D906D2}
		{C626B079-F9A2-4A5F-A219-C3C92D83D8FD} = {FAD81752-C617-41C1-A01D-70EED4D906D2}
	EndGlobalSection
	GlobalSection(ExtensibilityGlobals) = postSolution
		SolutionGuid = {EDAAEA8F-FC20-44CF-8E0C-3BAB8F021EA3}
	EndGlobalSection
EndGlobal
